// !$*UTF8*$!
{
	archiveVersion = 1;
	classes = {
	};
	objectVersion = 50;
	objects = {

/* Begin PBXBuildFile section */
		2103100B235F090400D197CB /* AppDelegate.m in Sources */ = {isa = PBXBuildFile; fileRef = 2103100A235F090400D197CB /* AppDelegate.m */; };
		2103100E235F090400D197CB /* SceneDelegate.m in Sources */ = {isa = PBXBuildFile; fileRef = 2103100D235F090400D197CB /* SceneDelegate.m */; };
		21031011235F090400D197CB /* ViewController.m in Sources */ = {isa = PBXBuildFile; fileRef = 21031010235F090400D197CB /* ViewController.m */; };
		21031014235F090400D197CB /* Main.storyboard in Resources */ = {isa = PBXBuildFile; fileRef = 21031012235F090400D197CB /* Main.storyboard */; };
		21031016235F090500D197CB /* Assets.xcassets in Resources */ = {isa = PBXBuildFile; fileRef = 21031015235F090500D197CB /* Assets.xcassets */; };
		21031019235F090500D197CB /* LaunchScreen.storyboard in Resources */ = {isa = PBXBuildFile; fileRef = 21031017235F090500D197CB /* LaunchScreen.storyboard */; };
		2103101C235F090500D197CB /* main.m in Sources */ = {isa = PBXBuildFile; fileRef = 2103101B235F090500D197CB /* main.m */; };
		21031026235F090500D197CB /* ThreadPortTestTests.m in Sources */ = {isa = PBXBuildFile; fileRef = 21031025235F090500D197CB /* ThreadPortTestTests.m */; };
		21031031235F090500D197CB /* ThreadPortTestUITests.m in Sources */ = {isa = PBXBuildFile; fileRef = 21031030235F090500D197CB /* ThreadPortTestUITests.m */; };
/* End PBXBuildFile section */

/* Begin PBXContainerItemProxy section */
		21031022235F090500D197CB /* PBXContainerItemProxy */ = {
			isa = PBXContainerItemProxy;
			containerPortal = 21030FFE235F090400D197CB /* Project object */;
			proxyType = 1;
			remoteGlobalIDString = 21031005235F090400D197CB;
			remoteInfo = ThreadPortTest;
		};
		2103102D235F090500D197CB /* PBXContainerItemProxy */ = {
			isa = PBXContainerItemProxy;
			containerPortal = 21030FFE235F090400D197CB /* Project object */;
			proxyType = 1;
			remoteGlobalIDString = 21031005235F090400D197CB;
			remoteInfo = ThreadPortTest;
		};
/* End PBXContainerItemProxy section */

/* Begin PBXFileReference section */
		21031006235F090400D197CB /* ThreadPortTest.app */ = {isa = PBXFileReference; explicitFileType = wrapper.application; includeInIndex = 0; path = ThreadPortTest.app; sourceTree = BUILT_PRODUCTS_DIR; };
		21031009235F090400D197CB /* AppDelegate.h */ = {isa = PBXFileReference; lastKnownFileType = sourcecode.c.h; path = AppDelegate.h; sourceTree = "<group>"; };
		2103100A235F090400D197CB /* AppDelegate.m */ = {isa = PBXFileReference; lastKnownFileType = sourcecode.c.objc; path = AppDelegate.m; sourceTree = "<group>"; };
		2103100C235F090400D197CB /* SceneDelegate.h */ = {isa = PBXFileReference; lastKnownFileType = sourcecode.c.h; path = SceneDelegate.h; sourceTree = "<group>"; };
		2103100D235F090400D197CB /* SceneDelegate.m */ = {isa = PBXFileReference; lastKnownFileType = sourcecode.c.objc; path = SceneDelegate.m; sourceTree = "<group>"; };
		2103100F235F090400D197CB /* ViewController.h */ = {isa = PBXFileReference; lastKnownFileType = sourcecode.c.h; path = ViewController.h; sourceTree = "<group>"; };
		21031010235F090400D197CB /* ViewController.m */ = {isa = PBXFileReference; lastKnownFileType = sourcecode.c.objc; path = ViewController.m; sourceTree = "<group>"; };
		21031013235F090400D197CB /* Base */ = {isa = PBXFileReference; lastKnownFileType = file.storyboard; name = Base; path = Base.lproj/Main.storyboard; sourceTree = "<group>"; };
		21031015235F090500D197CB /* Assets.xcassets */ = {isa = PBXFileReference; lastKnownFileType = folder.assetcatalog; path = Assets.xcassets; sourceTree = "<group>"; };
		21031018235F090500D197CB /* Base */ = {isa = PBXFileReference; lastKnownFileType = file.storyboard; name = Base; path = Base.lproj/LaunchScreen.storyboard; sourceTree = "<group>"; };
		2103101A235F090500D197CB /* Info.plist */ = {isa = PBXFileReference; lastKnownFileType = text.plist.xml; path = Info.plist; sourceTree = "<group>"; };
		2103101B235F090500D197CB /* main.m */ = {isa = PBXFileReference; lastKnownFileType = sourcecode.c.objc; path = main.m; sourceTree = "<group>"; };
		21031021235F090500D197CB /* ThreadPortTestTests.xctest */ = {isa = PBXFileReference; explicitFileType = wrapper.cfbundle; includeInIndex = 0; path = ThreadPortTestTests.xctest; sourceTree = BUILT_PRODUCTS_DIR; };
		21031025235F090500D197CB /* ThreadPortTestTests.m */ = {isa = PBXFileReference; lastKnownFileType = sourcecode.c.objc; path = ThreadPortTestTests.m; sourceTree = "<group>"; };
		21031027235F090500D197CB /* Info.plist */ = {isa = PBXFileReference; lastKnownFileType = text.plist.xml; path = Info.plist; sourceTree = "<group>"; };
		2103102C235F090500D197CB /* ThreadPortTestUITests.xctest */ = {isa = PBXFileReference; explicitFileType = wrapper.cfbundle; includeInIndex = 0; path = ThreadPortTestUITests.xctest; sourceTree = BUILT_PRODUCTS_DIR; };
		21031030235F090500D197CB /* ThreadPortTestUITests.m */ = {isa = PBXFileReference; lastKnownFileType = sourcecode.c.objc; path = ThreadPortTestUITests.m; sourceTree = "<group>"; };
		21031032235F090500D197CB /* Info.plist */ = {isa = PBXFileReference; lastKnownFileType = text.plist.xml; path = Info.plist; sourceTree = "<group>"; };
/* End PBXFileReference section */

/* Begin PBXFrameworksBuildPhase section */
		21031003235F090400D197CB /* Frameworks */ = {
			isa = PBXFrameworksBuildPhase;
			buildActionMask = 2147483647;
			files = (
			);
			runOnlyForDeploymentPostprocessing = 0;
		};
		2103101E235F090500D197CB /* Frameworks */ = {
			isa = PBXFrameworksBuildPhase;
			buildActionMask = 2147483647;
			files = (
			);
			runOnlyForDeploymentPostprocessing = 0;
		};
		21031029235F090500D197CB /* Frameworks */ = {
			isa = PBXFrameworksBuildPhase;
			buildActionMask = 2147483647;
			files = (
			);
			runOnlyForDeploymentPostprocessing = 0;
		};
/* End PBXFrameworksBuildPhase section */

/* Begin PBXGroup section */
		21030FFD235F090400D197CB = {
			isa = PBXGroup;
			children = (
				21031008235F090400D197CB /* ThreadPortTest */,
				21031024235F090500D197CB /* ThreadPortTestTests */,
				2103102F235F090500D197CB /* ThreadPortTestUITests */,
				21031007235F090400D197CB /* Products */,
			);
			sourceTree = "<group>";
		};
		21031007235F090400D197CB /* Products */ = {
			isa = PBXGroup;
			children = (
				21031006235F090400D197CB /* ThreadPortTest.app */,
				21031021235F090500D197CB /* ThreadPortTestTests.xctest */,
				2103102C235F090500D197CB /* ThreadPortTestUITests.xctest */,
			);
			name = Products;
			sourceTree = "<group>";
		};
		21031008235F090400D197CB /* ThreadPortTest */ = {
			isa = PBXGroup;
			children = (
				21031009235F090400D197CB /* AppDelegate.h */,
				2103100A235F090400D197CB /* AppDelegate.m */,
				2103100C235F090400D197CB /* SceneDelegate.h */,
				2103100D235F090400D197CB /* SceneDelegate.m */,
				2103100F235F090400D197CB /* ViewController.h */,
				21031010235F090400D197CB /* ViewController.m */,
				21031012235F090400D197CB /* Main.storyboard */,
				21031015235F090500D197CB /* Assets.xcassets */,
				21031017235F090500D197CB /* LaunchScreen.storyboard */,
				2103101A235F090500D197CB /* Info.plist */,
				2103101B235F090500D197CB /* main.m */,
			);
			path = ThreadPortTest;
			sourceTree = "<group>";
		};
		21031024235F090500D197CB /* ThreadPortTestTests */ = {
			isa = PBXGroup;
			children = (
				21031025235F090500D197CB /* ThreadPortTestTests.m */,
				21031027235F090500D197CB /* Info.plist */,
			);
			path = ThreadPortTestTests;
			sourceTree = "<group>";
		};
		2103102F235F090500D197CB /* ThreadPortTestUITests */ = {
			isa = PBXGroup;
			children = (
				21031030235F090500D197CB /* ThreadPortTestUITests.m */,
				21031032235F090500D197CB /* Info.plist */,
			);
			path = ThreadPortTestUITests;
			sourceTree = "<group>";
		};
/* End PBXGroup section */

/* Begin PBXNativeTarget section */
		21031005235F090400D197CB /* ThreadPortTest */ = {
			isa = PBXNativeTarget;
			buildConfigurationList = 21031035235F090500D197CB /* Build configuration list for PBXNativeTarget "ThreadPortTest" */;
			buildPhases = (
				21031002235F090400D197CB /* Sources */,
				21031003235F090400D197CB /* Frameworks */,
				21031004235F090400D197CB /* Resources */,
			);
			buildRules = (
			);
			dependencies = (
			);
			name = ThreadPortTest;
			productName = ThreadPortTest;
			productReference = 21031006235F090400D197CB /* ThreadPortTest.app */;
			productType = "com.apple.product-type.application";
		};
		21031020235F090500D197CB /* ThreadPortTestTests */ = {
			isa = PBXNativeTarget;
			buildConfigurationList = 21031038235F090500D197CB /* Build configuration list for PBXNativeTarget "ThreadPortTestTests" */;
			buildPhases = (
				2103101D235F090500D197CB /* Sources */,
				2103101E235F090500D197CB /* Frameworks */,
				2103101F235F090500D197CB /* Resources */,
			);
			buildRules = (
			);
			dependencies = (
				21031023235F090500D197CB /* PBXTargetDependency */,
			);
			name = ThreadPortTestTests;
			productName = ThreadPortTestTests;
			productReference = 21031021235F090500D197CB /* ThreadPortTestTests.xctest */;
			productType = "com.apple.product-type.bundle.unit-test";
		};
		2103102B235F090500D197CB /* ThreadPortTestUITests */ = {
			isa = PBXNativeTarget;
			buildConfigurationList = 2103103B235F090500D197CB /* Build configuration list for PBXNativeTarget "ThreadPortTestUITests" */;
			buildPhases = (
				21031028235F090500D197CB /* Sources */,
				21031029235F090500D197CB /* Frameworks */,
				2103102A235F090500D197CB /* Resources */,
			);
			buildRules = (
			);
			dependencies = (
				2103102E235F090500D197CB /* PBXTargetDependency */,
			);
			name = ThreadPortTestUITests;
			productName = ThreadPortTestUITests;
			productReference = 2103102C235F090500D197CB /* ThreadPortTestUITests.xctest */;
			productType = "com.apple.product-type.bundle.ui-testing";
		};
/* End PBXNativeTarget section */

/* Begin PBXProject section */
		21030FFE235F090400D197CB /* Project object */ = {
			isa = PBXProject;
			attributes = {
				LastUpgradeCheck = 1110;
				ORGANIZATIONNAME = Vincent;
				TargetAttributes = {
					21031005235F090400D197CB = {
						CreatedOnToolsVersion = 11.1;
					};
					21031020235F090500D197CB = {
						CreatedOnToolsVersion = 11.1;
						TestTargetID = 21031005235F090400D197CB;
					};
					2103102B235F090500D197CB = {
						CreatedOnToolsVersion = 11.1;
						TestTargetID = 21031005235F090400D197CB;
					};
				};
			};
			buildConfigurationList = 21031001235F090400D197CB /* Build configuration list for PBXProject "ThreadPortTest" */;
			compatibilityVersion = "Xcode 9.3";
			developmentRegion = en;
			hasScannedForEncodings = 0;
			knownRegions = (
				en,
				Base,
			);
			mainGroup = 21030FFD235F090400D197CB;
			productRefGroup = 21031007235F090400D197CB /* Products */;
			projectDirPath = "";
			projectRoot = "";
			targets = (
				21031005235F090400D197CB /* ThreadPortTest */,
				21031020235F090500D197CB /* ThreadPortTestTests */,
				2103102B235F090500D197CB /* ThreadPortTestUITests */,
			);
		};
/* End PBXProject section */

/* Begin PBXResourcesBuildPhase section */
		21031004235F090400D197CB /* Resources */ = {
			isa = PBXResourcesBuildPhase;
			buildActionMask = 2147483647;
			files = (
				21031019235F090500D197CB /* LaunchScreen.storyboard in Resources */,
				21031016235F090500D197CB /* Assets.xcassets in Resources */,
				21031014235F090400D197CB /* Main.storyboard in Resources */,
			);
			runOnlyForDeploymentPostprocessing = 0;
		};
		2103101F235F090500D197CB /* Resources */ = {
			isa = PBXResourcesBuildPhase;
			buildActionMask = 2147483647;
			files = (
			);
			runOnlyForDeploymentPostprocessing = 0;
		};
		2103102A235F090500D197CB /* Resources */ = {
			isa = PBXResourcesBuildPhase;
			buildActionMask = 2147483647;
			files = (
			);
			runOnlyForDeploymentPostprocessing = 0;
		};
/* End PBXResourcesBuildPhase section */

/* Begin PBXSourcesBuildPhase section */
		21031002235F090400D197CB /* Sources */ = {
			isa = PBXSourcesBuildPhase;
			buildActionMask = 2147483647;
			files = (
				21031011235F090400D197CB /* ViewController.m in Sources */,
				2103100B235F090400D197CB /* AppDelegate.m in Sources */,
				2103101C235F090500D197CB /* main.m in Sources */,
				2103100E235F090400D197CB /* SceneDelegate.m in Sources */,
			);
			runOnlyForDeploymentPostprocessing = 0;
		};
		2103101D235F090500D197CB /* Sources */ = {
			isa = PBXSourcesBuildPhase;
			buildActionMask = 2147483647;
			files = (
				21031026235F090500D197CB /* ThreadPortTestTests.m in Sources */,
			);
			runOnlyForDeploymentPostprocessing = 0;
		};
		21031028235F090500D197CB /* Sources */ = {
			isa = PBXSourcesBuildPhase;
			buildActionMask = 2147483647;
			files = (
				21031031235F090500D197CB /* ThreadPortTestUITests.m in Sources */,
			);
			runOnlyForDeploymentPostprocessing = 0;
		};
/* End PBXSourcesBuildPhase section */

/* Begin PBXTargetDependency section */
		21031023235F090500D197CB /* PBXTargetDependency */ = {
			isa = PBXTargetDependency;
			target = 21031005235F090400D197CB /* ThreadPortTest */;
			targetProxy = 21031022235F090500D197CB /* PBXContainerItemProxy */;
		};
		2103102E235F090500D197CB /* PBXTargetDependency */ = {
			isa = PBXTargetDependency;
			target = 21031005235F090400D197CB /* ThreadPortTest */;
			targetProxy = 2103102D235F090500D197CB /* PBXContainerItemProxy */;
		};
/* End PBXTargetDependency section */

/* Begin PBXVariantGroup section */
		21031012235F090400D197CB /* Main.storyboard */ = {
			isa = PBXVariantGroup;
			children = (
				21031013235F090400D197CB /* Base */,
			);
			name = Main.storyboard;
			sourceTree = "<group>";
		};
		21031017235F090500D197CB /* LaunchScreen.storyboard */ = {
			isa = PBXVariantGroup;
			children = (
				21031018235F090500D197CB /* Base */,
			);
			name = LaunchScreen.storyboard;
			sourceTree = "<group>";
		};
/* End PBXVariantGroup section */

/* Begin XCBuildConfiguration section */
		21031033235F090500D197CB /* Debug */ = {
			isa = XCBuildConfiguration;
			buildSettings = {
				ALWAYS_SEARCH_USER_PATHS = NO;
				CLANG_ANALYZER_NONNULL = YES;
				CLANG_ANALYZER_NUMBER_OBJECT_CONVERSION = YES_AGGRESSIVE;
				CLANG_CXX_LANGUAGE_STANDARD = "gnu++14";
				CLANG_CXX_LIBRARY = "libc++";
				CLANG_ENABLE_MODULES = YES;
				CLANG_ENABLE_OBJC_ARC = YES;
				CLANG_ENABLE_OBJC_WEAK = YES;
				CLANG_WARN_BLOCK_CAPTURE_AUTORELEASING = YES;
				CLANG_WARN_BOOL_CONVERSION = YES;
				CLANG_WARN_COMMA = YES;
				CLANG_WARN_CONSTANT_CONVERSION = YES;
				CLANG_WARN_DEPRECATED_OBJC_IMPLEMENTATIONS = YES;
				CLANG_WARN_DIRECT_OBJC_ISA_USAGE = YES_ERROR;
				CLANG_WARN_DOCUMENTATION_COMMENTS = YES;
				CLANG_WARN_EMPTY_BODY = YES;
				CLANG_WARN_ENUM_CONVERSION = YES;
				CLANG_WARN_INFINITE_RECURSION = YES;
				CLANG_WARN_INT_CONVERSION = YES;
				CLANG_WARN_NON_LITERAL_NULL_CONVERSION = YES;
				CLANG_WARN_OBJC_IMPLICIT_RETAIN_SELF = YES;
				CLANG_WARN_OBJC_LITERAL_CONVERSION = YES;
				CLANG_WARN_OBJC_ROOT_CLASS = YES_ERROR;
				CLANG_WARN_RANGE_LOOP_ANALYSIS = YES;
				CLANG_WARN_STRICT_PROTOTYPES = YES;
				CLANG_WARN_SUSPICIOUS_MOVE = YES;
				CLANG_WARN_UNGUARDED_AVAILABILITY = YES_AGGRESSIVE;
				CLANG_WARN_UNREACHABLE_CODE = YES;
				CLANG_WARN__DUPLICATE_METHOD_MATCH = YES;
				COPY_PHASE_STRIP = NO;
				DEBUG_INFORMATION_FORMAT = dwarf;
				ENABLE_STRICT_OBJC_MSGSEND = YES;
				ENABLE_TESTABILITY = YES;
				GCC_C_LANGUAGE_STANDARD = gnu11;
				GCC_DYNAMIC_NO_PIC = NO;
				GCC_NO_COMMON_BLOCKS = YES;
				GCC_OPTIMIZATION_LEVEL = 0;
				GCC_PREPROCESSOR_DEFINITIONS = (
					"DEBUG=1",
					"$(inherited)",
				);
				GCC_WARN_64_TO_32_BIT_CONVERSION = YES;
				GCC_WARN_ABOUT_RETURN_TYPE = YES_ERROR;
				GCC_WARN_UNDECLARED_SELECTOR = YES;
				GCC_WARN_UNINITIALIZED_AUTOS = YES_AGGRESSIVE;
				GCC_WARN_UNUSED_FUNCTION = YES;
				GCC_WARN_UNUSED_VARIABLE = YES;
				IPHONEOS_DEPLOYMENT_TARGET = 13.1;
				MTL_ENABLE_DEBUG_INFO = INCLUDE_SOURCE;
				MTL_FAST_MATH = YES;
				ONLY_ACTIVE_ARCH = YES;
				SDKROOT = iphoneos;
			};
			name = Debug;
		};
		21031034235F090500D197CB /* Release */ = {
			isa = XCBuildConfiguration;
			buildSettings = {
				ALWAYS_SEARCH_USER_PATHS = NO;
				CLANG_ANALYZER_NONNULL = YES;
				CLANG_ANALYZER_NUMBER_OBJECT_CONVERSION = YES_AGGRESSIVE;
				CLANG_CXX_LANGUAGE_STANDARD = "gnu++14";
				CLANG_CXX_LIBRARY = "libc++";
				CLANG_ENABLE_MODULES = YES;
				CLANG_ENABLE_OBJC_ARC = YES;
				CLANG_ENABLE_OBJC_WEAK = YES;
				CLANG_WARN_BLOCK_CAPTURE_AUTORELEASING = YES;
				CLANG_WARN_BOOL_CONVERSION = YES;
				CLANG_WARN_COMMA = YES;
				CLANG_WARN_CONSTANT_CONVERSION = YES;
				CLANG_WARN_DEPRECATED_OBJC_IMPLEMENTATIONS = YES;
				CLANG_WARN_DIRECT_OBJC_ISA_USAGE = YES_ERROR;
				CLANG_WARN_DOCUMENTATION_COMMENTS = YES;
				CLANG_WARN_EMPTY_BODY = YES;
				CLANG_WARN_ENUM_CONVERSION = YES;
				CLANG_WARN_INFINITE_RECURSION = YES;
				CLANG_WARN_INT_CONVERSION = YES;
				CLANG_WARN_NON_LITERAL_NULL_CONVERSION = YES;
				CLANG_WARN_OBJC_IMPLICIT_RETAIN_SELF = YES;
				CLANG_WARN_OBJC_LITERAL_CONVERSION = YES;
				CLANG_WARN_OBJC_ROOT_CLASS = YES_ERROR;
				CLANG_WARN_RANGE_LOOP_ANALYSIS = YES;
				CLANG_WARN_STRICT_PROTOTYPES = YES;
				CLANG_WARN_SUSPICIOUS_MOVE = YES;
				CLANG_WARN_UNGUARDED_AVAILABILITY = YES_AGGRESSIVE;
				CLANG_WARN_UNREACHABLE_CODE = YES;
				CLANG_WARN__DUPLICATE_METHOD_MATCH = YES;
				COPY_PHASE_STRIP = NO;
				DEBUG_INFORMATION_FORMAT = "dwarf-with-dsym";
				ENABLE_NS_ASSERTIONS = NO;
				ENABLE_STRICT_OBJC_MSGSEND = YES;
				GCC_C_LANGUAGE_STANDARD = gnu11;
				GCC_NO_COMMON_BLOCKS = YES;
				GCC_WARN_64_TO_32_BIT_CONVERSION = YES;
				GCC_WARN_ABOUT_RETURN_TYPE = YES_ERROR;
				GCC_WARN_UNDECLARED_SELECTOR = YES;
				GCC_WARN_UNINITIALIZED_AUTOS = YES_AGGRESSIVE;
				GCC_WARN_UNUSED_FUNCTION = YES;
				GCC_WARN_UNUSED_VARIABLE = YES;
				IPHONEOS_DEPLOYMENT_TARGET = 13.1;
				MTL_ENABLE_DEBUG_INFO = NO;
				MTL_FAST_MATH = YES;
				SDKROOT = iphoneos;
				VALIDATE_PRODUCT = YES;
			};
			name = Release;
		};
		21031036235F090500D197CB /* Debug */ = {
			isa = XCBuildConfiguration;
			buildSettings = {
				ASSETCATALOG_COMPILER_APPICON_NAME = AppIcon;
				CODE_SIGN_STYLE = Automatic;
				DEVELOPMENT_TEAM = P9K8YVVH3U;
				INFOPLIST_FILE = ThreadPortTest/Info.plist;
				LD_RUNPATH_SEARCH_PATHS = (
					"$(inherited)",
					"@executable_path/Frameworks",
				);
				PRODUCT_BUNDLE_IDENTIFIER = com.vcoding.ThreadPortTest;
				PRODUCT_NAME = "$(TARGET_NAME)";
				TARGETED_DEVICE_FAMILY = "1,2";
			};
			name = Debug;
		};
		21031037235F090500D197CB /* Release */ = {
			isa = XCBuildConfiguration;
			buildSettings = {
				ASSETCATALOG_COMPILER_APPICON_NAME = AppIcon;
				CODE_SIGN_STYLE = Automatic;
				DEVELOPMENT_TEAM = P9K8YVVH3U;
				INFOPLIST_FILE = ThreadPortTest/Info.plist;
				LD_RUNPATH_SEARCH_PATHS = (
					"$(inherited)",
					"@executable_path/Frameworks",
				);
				PRODUCT_BUNDLE_IDENTIFIER = com.vcoding.ThreadPortTest;
				PRODUCT_NAME = "$(TARGET_NAME)";
				TARGETED_DEVICE_FAMILY = "1,2";
			};
			name = Release;
		};
		21031039235F090500D197CB /* Debug */ = {
			isa = XCBuildConfiguration;
			buildSettings = {
				BUNDLE_LOADER = "$(TEST_HOST)";
				CODE_SIGN_STYLE = Automatic;
				DEVELOPMENT_TEAM = P9K8YVVH3U;
				INFOPLIST_FILE = ThreadPortTestTests/Info.plist;
				IPHONEOS_DEPLOYMENT_TARGET = 13.1;
				LD_RUNPATH_SEARCH_PATHS = (
					"$(inherited)",
					"@executable_path/Frameworks",
					"@loader_path/Frameworks",
				);
				PRODUCT_BUNDLE_IDENTIFIER = com.vcoding.ThreadPortTestTests;
				PRODUCT_NAME = "$(TARGET_NAME)";
				TARGETED_DEVICE_FAMILY = "1,2";
				TEST_HOST = "$(BUILT_PRODUCTS_DIR)/ThreadPortTest.app/ThreadPortTest";
			};
			name = Debug;
		};
		2103103A235F090500D197CB /* Release */ = {
			isa = XCBuildConfiguration;
			buildSettings = {
				BUNDLE_LOADER = "$(TEST_HOST)";
				CODE_SIGN_STYLE = Automatic;
				DEVELOPMENT_TEAM = P9K8YVVH3U;
				INFOPLIST_FILE = ThreadPortTestTests/Info.plist;
				IPHONEOS_DEPLOYMENT_TARGET = 13.1;
				LD_RUNPATH_SEARCH_PATHS = (
					"$(inherited)",
					"@executable_path/Frameworks",
					"@loader_path/Frameworks",
				);
				PRODUCT_BUNDLE_IDENTIFIER = com.vcoding.ThreadPortTestTests;
				PRODUCT_NAME = "$(TARGET_NAME)";
				TARGETED_DEVICE_FAMILY = "1,2";
				TEST_HOST = "$(BUILT_PRODUCTS_DIR)/ThreadPortTest.app/ThreadPortTest";
			};
			name = Release;
		};
		2103103C235F090500D197CB /* Debug */ = {
			isa = XCBuildConfiguration;
			buildSettings = {
				CODE_SIGN_STYLE = Automatic;
				DEVELOPMENT_TEAM = P9K8YVVH3U;
				INFOPLIST_FILE = ThreadPortTestUITests/Info.plist;
				LD_RUNPATH_SEARCH_PATHS = (
					"$(inherited)",
					"@executable_path/Frameworks",
					"@loader_path/Frameworks",
				);
				PRODUCT_BUNDLE_IDENTIFIER = com.vcoding.ThreadPortTestUITests;
				PRODUCT_NAME = "$(TARGET_NAME)";
				TARGETED_DEVICE_FAMILY = "1,2";
				TEST_TARGET_NAME = ThreadPortTest;
			};
			name = Debug;
		};
		2103103D235F090500D197CB /* Release */ = {
			isa = XCBuildConfiguration;
			buildSettings = {
				CODE_SIGN_STYLE = Automatic;
				DEVELOPMENT_TEAM = P9K8YVVH3U;
				INFOPLIST_FILE = ThreadPortTestUITests/Info.plist;
				LD_RUNPATH_SEARCH_PATHS = (
					"$(inherited)",
					"@executable_path/Frameworks",
					"@loader_path/Frameworks",
				);
				PRODUCT_BUNDLE_IDENTIFIER = com.vcoding.ThreadPortTestUITests;
				PRODUCT_NAME = "$(TARGET_NAME)";
				TARGETED_DEVICE_FAMILY = "1,2";
				TEST_TARGET_NAME = ThreadPortTest;
			};
			name = Release;
		};
/* End XCBuildConfiguration section */

/* Begin XCConfigurationList section */
		21031001235F090400D197CB /* Build configuration list for PBXProject "ThreadPortTest" */ = {
			isa = XCConfigurationList;
			buildConfigurations = (
				21031033235F090500D197CB /* Debug */,
				21031034235F090500D197CB /* Release */,
			);
			defaultConfigurationIsVisible = 0;
			defaultConfigurationName = Release;
		};
		21031035235F090500D197CB /* Build configuration list for PBXNativeTarget "ThreadPortTest" */ = {
			isa = XCConfigurationList;
			buildConfigurations = (
				21031036235F090500D197CB /* Debug */,
				21031037235F090500D197CB /* Release */,
			);
			defaultConfigurationIsVisible = 0;
			defaultConfigurationName = Release;
		};
		21031038235F090500D197CB /* Build configuration list for PBXNativeTarget "ThreadPortTestTests" */ = {
			isa = XCConfigurationList;
			buildConfigurations = (
				21031039235F090500D197CB /* Debug */,
				2103103A235F090500D197CB /* Release */,
			);
			defaultConfigurationIsVisible = 0;
			defaultConfigurationName = Release;
		};
		2103103B235F090500D197CB /* Build configuration list for PBXNativeTarget "ThreadPortTestUITests" */ = {
			isa = XCConfigurationList;
			buildConfigurations = (
				2103103C235F090500D197CB /* Debug */,
				2103103D235F090500D197CB /* Release */,
			);
			defaultConfigurationIsVisible = 0;
			defaultConfigurationName = Release;
		};
/* End XCConfigurationList section */
	};
	rootObject = 21030FFE235F090400D197CB /* Project object */;
}
